# THIS IS AN AUTOGENERATED FILE. DO NOT EDIT THIS FILE DIRECTLY.
# yarn lockfile v1


"ansi-colors@^4.1.1":
  "integrity" "sha1-y7muJWv3UK8eqzRPIpqif+lLo0g="
  "resolved" "https://registry.nlark.com/ansi-colors/download/ansi-colors-4.1.1.tgz"
  "version" "4.1.1"

"enquirer@^2.3.6":
  "integrity" "sha1-Kn/l3WNKHkElqXXsmU/1RW3Dc00="
  "resolved" "https://registry.npm.taobao.org/enquirer/download/enquirer-2.3.6.tgz"
  "version" "2.3.6"
  dependencies:
    "ansi-colors" "^4.1.1"
